// !$*UTF8*$!
{
	archiveVersion = 1;
	classes = {
	};
	objectVersion = 56;
	objects = {

/* Begin PBXBuildFile section */
		871F4C4B2A965F4600B73656 /* DismissView.swift in Sources */ = {isa = PBXBuildFile; fileRef = 871F4C4A2A965F4600B73656 /* DismissView.swift */; };
		871F4C4E2A96648500B73656 /* FirebaseAuth in Frameworks */ = {isa = PBXBuildFile; productRef = 871F4C4D2A96648500B73656 /* FirebaseAuth */; };
		871F4C512A96653900B73656 /* AuthenticactionFirebaseDatasource.swift in Sources */ = {isa = PBXBuildFile; fileRef = 871F4C502A96653900B73656 /* AuthenticactionFirebaseDatasource.swift */; };
		871F4C532A966B4000B73656 /* AuthenticationRepository.swift in Sources */ = {isa = PBXBuildFile; fileRef = 871F4C522A966B4000B73656 /* AuthenticationRepository.swift */; };
		871F4C552A966DB900B73656 /* AuthenticationViewModel.swift in Sources */ = {isa = PBXBuildFile; fileRef = 871F4C542A966DB900B73656 /* AuthenticationViewModel.swift */; };
		871F4C572A96A35400B73656 /* HomeView.swift in Sources */ = {isa = PBXBuildFile; fileRef = 871F4C562A96A35400B73656 /* HomeView.swift */; };
		873ECBC12AA641D00056F210 /* FirebaseFirestore in Frameworks */ = {isa = PBXBuildFile; productRef = 873ECBC02AA641D00056F210 /* FirebaseFirestore */; };
		873ECBC32AA641D00056F210 /* FirebaseFirestoreSwift in Frameworks */ = {isa = PBXBuildFile; productRef = 873ECBC22AA641D00056F210 /* FirebaseFirestoreSwift */; };
		873ECBC62AA643560056F210 /* LinkViewModel.swift in Sources */ = {isa = PBXBuildFile; fileRef = 873ECBC52AA643560056F210 /* LinkViewModel.swift */; };
		873ECBC92AA643820056F210 /* LinkRepository.swift in Sources */ = {isa = PBXBuildFile; fileRef = 873ECBC82AA643820056F210 /* LinkRepository.swift */; };
		873ECBCB2AA6438B0056F210 /* LinkDataSource.swift in Sources */ = {isa = PBXBuildFile; fileRef = 873ECBCA2AA6438B0056F210 /* LinkDataSource.swift */; };
		873ECBCD2AA6488F0056F210 /* LinkView.swift in Sources */ = {isa = PBXBuildFile; fileRef = 873ECBCC2AA6488F0056F210 /* LinkView.swift */; };
		8778F63E2AA109BA00A7992E /* FacebookLogin in Frameworks */ = {isa = PBXBuildFile; productRef = 8778F63D2AA109BA00A7992E /* FacebookLogin */; };
		8778F6452AA1153200A7992E /* FacebookAutenticacion.swift in Sources */ = {isa = PBXBuildFile; fileRef = 8778F6442AA1153100A7992E /* FacebookAutenticacion.swift */; };
		87C9CEB62AB0CAF70033A9E9 /* MetadataDatasource.swift in Sources */ = {isa = PBXBuildFile; fileRef = 87C9CEB52AB0CAF70033A9E9 /* MetadataDatasource.swift */; };
		87D28F2E2A952024006EC5F1 /* SaveLinkApp.swift in Sources */ = {isa = PBXBuildFile; fileRef = 87D28F2D2A952024006EC5F1 /* SaveLinkApp.swift */; };
		87D28F302A952024006EC5F1 /* AuthenticacionView.swift in Sources */ = {isa = PBXBuildFile; fileRef = 87D28F2F2A952024006EC5F1 /* AuthenticacionView.swift */; };
		87D28F322A952025006EC5F1 /* Assets.xcassets in Resources */ = {isa = PBXBuildFile; fileRef = 87D28F312A952025006EC5F1 /* Assets.xcassets */; };
		87D28F352A952025006EC5F1 /* Preview Assets.xcassets in Resources */ = {isa = PBXBuildFile; fileRef = 87D28F342A952025006EC5F1 /* Preview Assets.xcassets */; };
		87D28F3F2A952026006EC5F1 /* SaveLinkTests.swift in Sources */ = {isa = PBXBuildFile; fileRef = 87D28F3E2A952026006EC5F1 /* SaveLinkTests.swift */; };
		87D28F492A952026006EC5F1 /* SaveLinkUITests.swift in Sources */ = {isa = PBXBuildFile; fileRef = 87D28F482A952026006EC5F1 /* SaveLinkUITests.swift */; };
		87D28F4B2A952026006EC5F1 /* SaveLinkUITestsLaunchTests.swift in Sources */ = {isa = PBXBuildFile; fileRef = 87D28F4A2A952026006EC5F1 /* SaveLinkUITestsLaunchTests.swift */; };
		87D28F592A9520AA006EC5F1 /* FirebaseAnalytics in Frameworks */ = {isa = PBXBuildFile; productRef = 87D28F582A9520AA006EC5F1 /* FirebaseAnalytics */; };
		87D28F5B2A9520AA006EC5F1 /* FirebaseAnalyticsSwift in Frameworks */ = {isa = PBXBuildFile; productRef = 87D28F5A2A9520AA006EC5F1 /* FirebaseAnalyticsSwift */; };
		87D28F5D2A9520FB006EC5F1 /* GoogleService-Info.plist in Resources */ = {isa = PBXBuildFile; fileRef = 87D28F5C2A9520FB006EC5F1 /* GoogleService-Info.plist */; };
		87D28F5F2A954E41006EC5F1 /* LoginEmailView.swift in Sources */ = {isa = PBXBuildFile; fileRef = 87D28F5E2A954E41006EC5F1 /* LoginEmailView.swift */; };
		87D28F612A9558C2006EC5F1 /* RegisterEmailView.swift in Sources */ = {isa = PBXBuildFile; fileRef = 87D28F602A9558C2006EC5F1 /* RegisterEmailView.swift */; };
/* End PBXBuildFile section */

/* Begin PBXContainerItemProxy section */
		87D28F3B2A952026006EC5F1 /* PBXContainerItemProxy */ = {
			isa = PBXContainerItemProxy;
			containerPortal = 87D28F222A952024006EC5F1 /* Project object */;
			proxyType = 1;
			remoteGlobalIDString = 87D28F292A952024006EC5F1;
			remoteInfo = SaveLink;
		};
		87D28F452A952026006EC5F1 /* PBXContainerItemProxy */ = {
			isa = PBXContainerItemProxy;
			containerPortal = 87D28F222A952024006EC5F1 /* Project object */;
			proxyType = 1;
			remoteGlobalIDString = 87D28F292A952024006EC5F1;
			remoteInfo = SaveLink;
		};
/* End PBXContainerItemProxy section */

/* Begin PBXFileReference section */
		871F4C4A2A965F4600B73656 /* DismissView.swift */ = {isa = PBXFileReference; lastKnownFileType = sourcecode.swift; path = DismissView.swift; sourceTree = "<group>"; };
		871F4C502A96653900B73656 /* AuthenticactionFirebaseDatasource.swift */ = {isa = PBXFileReference; lastKnownFileType = sourcecode.swift; path = AuthenticactionFirebaseDatasource.swift; sourceTree = "<group>"; };
		871F4C522A966B4000B73656 /* AuthenticationRepository.swift */ = {isa = PBXFileReference; lastKnownFileType = sourcecode.swift; path = AuthenticationRepository.swift; sourceTree = "<group>"; };
		871F4C542A966DB900B73656 /* AuthenticationViewModel.swift */ = {isa = PBXFileReference; lastKnownFileType = sourcecode.swift; path = AuthenticationViewModel.swift; sourceTree = "<group>"; };
		871F4C562A96A35400B73656 /* HomeView.swift */ = {isa = PBXFileReference; lastKnownFileType = sourcecode.swift; path = HomeView.swift; sourceTree = "<group>"; };
		873ECBC52AA643560056F210 /* LinkViewModel.swift */ = {isa = PBXFileReference; lastKnownFileType = sourcecode.swift; path = LinkViewModel.swift; sourceTree = "<group>"; };
		873ECBC82AA643820056F210 /* LinkRepository.swift */ = {isa = PBXFileReference; lastKnownFileType = sourcecode.swift; path = LinkRepository.swift; sourceTree = "<group>"; };
		873ECBCA2AA6438B0056F210 /* LinkDataSource.swift */ = {isa = PBXFileReference; lastKnownFileType = sourcecode.swift; path = LinkDataSource.swift; sourceTree = "<group>"; };
		873ECBCC2AA6488F0056F210 /* LinkView.swift */ = {isa = PBXFileReference; lastKnownFileType = sourcecode.swift; path = LinkView.swift; sourceTree = "<group>"; };
		8778F63F2AA111BA00A7992E /* Info.plist */ = {isa = PBXFileReference; lastKnownFileType = text.plist; path = Info.plist; sourceTree = "<group>"; };
		8778F6442AA1153100A7992E /* FacebookAutenticacion.swift */ = {isa = PBXFileReference; lastKnownFileType = sourcecode.swift; path = FacebookAutenticacion.swift; sourceTree = "<group>"; };
		87C9CEB52AB0CAF70033A9E9 /* MetadataDatasource.swift */ = {isa = PBXFileReference; lastKnownFileType = sourcecode.swift; path = MetadataDatasource.swift; sourceTree = "<group>"; };
		87D28F2A2A952024006EC5F1 /* SaveLink.app */ = {isa = PBXFileReference; explicitFileType = wrapper.application; includeInIndex = 0; path = SaveLink.app; sourceTree = BUILT_PRODUCTS_DIR; };
		87D28F2D2A952024006EC5F1 /* SaveLinkApp.swift */ = {isa = PBXFileReference; lastKnownFileType = sourcecode.swift; path = SaveLinkApp.swift; sourceTree = "<group>"; };
		87D28F2F2A952024006EC5F1 /* AuthenticacionView.swift */ = {isa = PBXFileReference; lastKnownFileType = sourcecode.swift; path = AuthenticacionView.swift; sourceTree = "<group>"; };
		87D28F312A952025006EC5F1 /* Assets.xcassets */ = {isa = PBXFileReference; lastKnownFileType = folder.assetcatalog; path = Assets.xcassets; sourceTree = "<group>"; };
		87D28F342A952025006EC5F1 /* Preview Assets.xcassets */ = {isa = PBXFileReference; lastKnownFileType = folder.assetcatalog; path = "Preview Assets.xcassets"; sourceTree = "<group>"; };
		87D28F3A2A952026006EC5F1 /* SaveLinkTests.xctest */ = {isa = PBXFileReference; explicitFileType = wrapper.cfbundle; includeInIndex = 0; path = SaveLinkTests.xctest; sourceTree = BUILT_PRODUCTS_DIR; };
		87D28F3E2A952026006EC5F1 /* SaveLinkTests.swift */ = {isa = PBXFileReference; lastKnownFileType = sourcecode.swift; path = SaveLinkTests.swift; sourceTree = "<group>"; };
		87D28F442A952026006EC5F1 /* SaveLinkUITests.xctest */ = {isa = PBXFileReference; explicitFileType = wrapper.cfbundle; includeInIndex = 0; path = SaveLinkUITests.xctest; sourceTree = BUILT_PRODUCTS_DIR; };
		87D28F482A952026006EC5F1 /* SaveLinkUITests.swift */ = {isa = PBXFileReference; lastKnownFileType = sourcecode.swift; path = SaveLinkUITests.swift; sourceTree = "<group>"; };
		87D28F4A2A952026006EC5F1 /* SaveLinkUITestsLaunchTests.swift */ = {isa = PBXFileReference; lastKnownFileType = sourcecode.swift; path = SaveLinkUITestsLaunchTests.swift; sourceTree = "<group>"; };
		87D28F5C2A9520FB006EC5F1 /* GoogleService-Info.plist */ = {isa = PBXFileReference; fileEncoding = 4; lastKnownFileType = text.plist.xml; path = "GoogleService-Info.plist"; sourceTree = "<group>"; };
		87D28F5E2A954E41006EC5F1 /* LoginEmailView.swift */ = {isa = PBXFileReference; lastKnownFileType = sourcecode.swift; path = LoginEmailView.swift; sourceTree = "<group>"; };
		87D28F602A9558C2006EC5F1 /* RegisterEmailView.swift */ = {isa = PBXFileReference; lastKnownFileType = sourcecode.swift; path = RegisterEmailView.swift; sourceTree = "<group>"; };
/* End PBXFileReference section */

/* Begin PBXFrameworksBuildPhase section */
		87D28F272A952024006EC5F1 /* Frameworks */ = {
			isa = PBXFrameworksBuildPhase;
			buildActionMask = 2147483647;
			files = (
				8778F63E2AA109BA00A7992E /* FacebookLogin in Frameworks */,
				87D28F5B2A9520AA006EC5F1 /* FirebaseAnalyticsSwift in Frameworks */,
				871F4C4E2A96648500B73656 /* FirebaseAuth in Frameworks */,
				873ECBC12AA641D00056F210 /* FirebaseFirestore in Frameworks */,
				87D28F592A9520AA006EC5F1 /* FirebaseAnalytics in Frameworks */,
				873ECBC32AA641D00056F210 /* FirebaseFirestoreSwift in Frameworks */,
			);
			runOnlyForDeploymentPostprocessing = 0;
		};
		87D28F372A952026006EC5F1 /* Frameworks */ = {
			isa = PBXFrameworksBuildPhase;
			buildActionMask = 2147483647;
			files = (
			);
			runOnlyForDeploymentPostprocessing = 0;
		};
		87D28F412A952026006EC5F1 /* Frameworks */ = {
			isa = PBXFrameworksBuildPhase;
			buildActionMask = 2147483647;
			files = (
			);
			runOnlyForDeploymentPostprocessing = 0;
		};
/* End PBXFrameworksBuildPhase section */

/* Begin PBXGroup section */
		871F4C4C2A96648500B73656 /* Frameworks */ = {
			isa = PBXGroup;
			children = (
			);
			name = Frameworks;
			sourceTree = "<group>";
		};
		871F4C4F2A9664B600B73656 /* AuthenticationViews */ = {
			isa = PBXGroup;
			children = (
				87D28F2F2A952024006EC5F1 /* AuthenticacionView.swift */,
				87D28F5E2A954E41006EC5F1 /* LoginEmailView.swift */,
				87D28F602A9558C2006EC5F1 /* RegisterEmailView.swift */,
				8778F6402AA114B000A7992E /* Repository */,
			);
			path = AuthenticationViews;
			sourceTree = "<group>";
		};
		873ECBC42AA642240056F210 /* Links */ = {
			isa = PBXGroup;
			children = (
				871F4C562A96A35400B73656 /* HomeView.swift */,
				873ECBCC2AA6488F0056F210 /* LinkView.swift */,
				873ECBC52AA643560056F210 /* LinkViewModel.swift */,
				873ECBC72AA643680056F210 /* Repository */,
			);
			path = Links;
			sourceTree = "<group>";
		};
		873ECBC72AA643680056F210 /* Repository */ = {
			isa = PBXGroup;
			children = (
				873ECBC82AA643820056F210 /* LinkRepository.swift */,
				873ECBCA2AA6438B0056F210 /* LinkDataSource.swift */,
				87C9CEB52AB0CAF70033A9E9 /* MetadataDatasource.swift */,
			);
			path = Repository;
			sourceTree = "<group>";
		};
		8778F6402AA114B000A7992E /* Repository */ = {
			isa = PBXGroup;
			children = (
				871F4C542A966DB900B73656 /* AuthenticationViewModel.swift */,
				871F4C522A966B4000B73656 /* AuthenticationRepository.swift */,
				871F4C502A96653900B73656 /* AuthenticactionFirebaseDatasource.swift */,
				8778F6432AA1151B00A7992E /* FacebookAuthenticacion */,
			);
			path = Repository;
			sourceTree = "<group>";
		};
		8778F6432AA1151B00A7992E /* FacebookAuthenticacion */ = {
			isa = PBXGroup;
			children = (
				8778F6442AA1153100A7992E /* FacebookAutenticacion.swift */,
			);
			path = FacebookAuthenticacion;
			sourceTree = "<group>";
		};
		87D28F212A952024006EC5F1 = {
			isa = PBXGroup;
			children = (
				87D28F2C2A952024006EC5F1 /* SaveLink */,
				87D28F3D2A952026006EC5F1 /* SaveLinkTests */,
				87D28F472A952026006EC5F1 /* SaveLinkUITests */,
				87D28F2B2A952024006EC5F1 /* Products */,
				871F4C4C2A96648500B73656 /* Frameworks */,
			);
			sourceTree = "<group>";
		};
		87D28F2B2A952024006EC5F1 /* Products */ = {
			isa = PBXGroup;
			children = (
				87D28F2A2A952024006EC5F1 /* SaveLink.app */,
				87D28F3A2A952026006EC5F1 /* SaveLinkTests.xctest */,
				87D28F442A952026006EC5F1 /* SaveLinkUITests.xctest */,
			);
			name = Products;
			sourceTree = "<group>";
		};
		87D28F2C2A952024006EC5F1 /* SaveLink */ = {
			isa = PBXGroup;
			children = (
				873ECBC42AA642240056F210 /* Links */,
				871F4C4F2A9664B600B73656 /* AuthenticationViews */,
				8778F63F2AA111BA00A7992E /* Info.plist */,
				87D28F2D2A952024006EC5F1 /* SaveLinkApp.swift */,
				871F4C4A2A965F4600B73656 /* DismissView.swift */,
				87D28F5C2A9520FB006EC5F1 /* GoogleService-Info.plist */,
				87D28F312A952025006EC5F1 /* Assets.xcassets */,
				87D28F332A952025006EC5F1 /* Preview Content */,
			);
			path = SaveLink;
			sourceTree = "<group>";
		};
		87D28F332A952025006EC5F1 /* Preview Content */ = {
			isa = PBXGroup;
			children = (
				87D28F342A952025006EC5F1 /* Preview Assets.xcassets */,
			);
			path = "Preview Content";
			sourceTree = "<group>";
		};
		87D28F3D2A952026006EC5F1 /* SaveLinkTests */ = {
			isa = PBXGroup;
			children = (
				87D28F3E2A952026006EC5F1 /* SaveLinkTests.swift */,
			);
			path = SaveLinkTests;
			sourceTree = "<group>";
		};
		87D28F472A952026006EC5F1 /* SaveLinkUITests */ = {
			isa = PBXGroup;
			children = (
				87D28F482A952026006EC5F1 /* SaveLinkUITests.swift */,
				87D28F4A2A952026006EC5F1 /* SaveLinkUITestsLaunchTests.swift */,
			);
			path = SaveLinkUITests;
			sourceTree = "<group>";
		};
/* End PBXGroup section */

/* Begin PBXNativeTarget section */
		87D28F292A952024006EC5F1 /* SaveLink */ = {
			isa = PBXNativeTarget;
			buildConfigurationList = 87D28F4E2A952026006EC5F1 /* Build configuration list for PBXNativeTarget "SaveLink" */;
			buildPhases = (
				87D28F262A952024006EC5F1 /* Sources */,
				87D28F272A952024006EC5F1 /* Frameworks */,
				87D28F282A952024006EC5F1 /* Resources */,
			);
			buildRules = (
			);
			dependencies = (
			);
			name = SaveLink;
			packageProductDependencies = (
				87D28F582A9520AA006EC5F1 /* FirebaseAnalytics */,
				87D28F5A2A9520AA006EC5F1 /* FirebaseAnalyticsSwift */,
				871F4C4D2A96648500B73656 /* FirebaseAuth */,
				8778F63D2AA109BA00A7992E /* FacebookLogin */,
				873ECBC02AA641D00056F210 /* FirebaseFirestore */,
				873ECBC22AA641D00056F210 /* FirebaseFirestoreSwift */,
			);
			productName = SaveLink;
			productReference = 87D28F2A2A952024006EC5F1 /* SaveLink.app */;
			productType = "com.apple.product-type.application";
		};
		87D28F392A952026006EC5F1 /* SaveLinkTests */ = {
			isa = PBXNativeTarget;
			buildConfigurationList = 87D28F512A952026006EC5F1 /* Build configuration list for PBXNativeTarget "SaveLinkTests" */;
			buildPhases = (
				87D28F362A952026006EC5F1 /* Sources */,
				87D28F372A952026006EC5F1 /* Frameworks */,
				87D28F382A952026006EC5F1 /* Resources */,
			);
			buildRules = (
			);
			dependencies = (
				87D28F3C2A952026006EC5F1 /* PBXTargetDependency */,
			);
			name = SaveLinkTests;
			productName = SaveLinkTests;
			productReference = 87D28F3A2A952026006EC5F1 /* SaveLinkTests.xctest */;
			productType = "com.apple.product-type.bundle.unit-test";
		};
		87D28F432A952026006EC5F1 /* SaveLinkUITests */ = {
			isa = PBXNativeTarget;
			buildConfigurationList = 87D28F542A952026006EC5F1 /* Build configuration list for PBXNativeTarget "SaveLinkUITests" */;
			buildPhases = (
				87D28F402A952026006EC5F1 /* Sources */,
				87D28F412A952026006EC5F1 /* Frameworks */,
				87D28F422A952026006EC5F1 /* Resources */,
			);
			buildRules = (
			);
			dependencies = (
				87D28F462A952026006EC5F1 /* PBXTargetDependency */,
			);
			name = SaveLinkUITests;
			productName = SaveLinkUITests;
			productReference = 87D28F442A952026006EC5F1 /* SaveLinkUITests.xctest */;
			productType = "com.apple.product-type.bundle.ui-testing";
		};
/* End PBXNativeTarget section */

/* Begin PBXProject section */
		87D28F222A952024006EC5F1 /* Project object */ = {
			isa = PBXProject;
			attributes = {
				BuildIndependentTargetsInParallel = 1;
				LastSwiftUpdateCheck = 1430;
				LastUpgradeCheck = 1430;
				TargetAttributes = {
					87D28F292A952024006EC5F1 = {
						CreatedOnToolsVersion = 14.3.1;
					};
					87D28F392A952026006EC5F1 = {
						CreatedOnToolsVersion = 14.3.1;
						TestTargetID = 87D28F292A952024006EC5F1;
					};
					87D28F432A952026006EC5F1 = {
						CreatedOnToolsVersion = 14.3.1;
						TestTargetID = 87D28F292A952024006EC5F1;
					};
				};
			};
			buildConfigurationList = 87D28F252A952024006EC5F1 /* Build configuration list for PBXProject "SaveLink" */;
			compatibilityVersion = "Xcode 14.0";
			developmentRegion = en;
			hasScannedForEncodings = 0;
			knownRegions = (
				en,
				Base,
			);
			mainGroup = 87D28F212A952024006EC5F1;
			packageReferences = (
				87D28F572A9520AA006EC5F1 /* XCRemoteSwiftPackageReference "firebase-ios-sdk" */,
				8778F63C2AA109BA00A7992E /* XCRemoteSwiftPackageReference "facebook-ios-sdk" */,
			);
			productRefGroup = 87D28F2B2A952024006EC5F1 /* Products */;
			projectDirPath = "";
			projectRoot = "";
			targets = (
				87D28F292A952024006EC5F1 /* SaveLink */,
				87D28F392A952026006EC5F1 /* SaveLinkTests */,
				87D28F432A952026006EC5F1 /* SaveLinkUITests */,
			);
		};
/* End PBXProject section */

/* Begin PBXResourcesBuildPhase section */
		87D28F282A952024006EC5F1 /* Resources */ = {
			isa = PBXResourcesBuildPhase;
			buildActionMask = 2147483647;
			files = (
				87D28F352A952025006EC5F1 /* Preview Assets.xcassets in Resources */,
				87D28F322A952025006EC5F1 /* Assets.xcassets in Resources */,
				87D28F5D2A9520FB006EC5F1 /* GoogleService-Info.plist in Resources */,
			);
			runOnlyForDeploymentPostprocessing = 0;
		};
		87D28F382A952026006EC5F1 /* Resources */ = {
			isa = PBXResourcesBuildPhase;
			buildActionMask = 2147483647;
			files = (
			);
			runOnlyForDeploymentPostprocessing = 0;
		};
		87D28F422A952026006EC5F1 /* Resources */ = {
			isa = PBXResourcesBuildPhase;
			buildActionMask = 2147483647;
			files = (
			);
			runOnlyForDeploymentPostprocessing = 0;
		};
/* End PBXResourcesBuildPhase section */

/* Begin PBXSourcesBuildPhase section */
		87D28F262A952024006EC5F1 /* Sources */ = {
			isa = PBXSourcesBuildPhase;
			buildActionMask = 2147483647;
			files = (
				873ECBCB2AA6438B0056F210 /* LinkDataSource.swift in Sources */,
				871F4C572A96A35400B73656 /* HomeView.swift in Sources */,
				87D28F302A952024006EC5F1 /* AuthenticacionView.swift in Sources */,
				871F4C4B2A965F4600B73656 /* DismissView.swift in Sources */,
				87C9CEB62AB0CAF70033A9E9 /* MetadataDatasource.swift in Sources */,
				87D28F5F2A954E41006EC5F1 /* LoginEmailView.swift in Sources */,
				871F4C512A96653900B73656 /* AuthenticactionFirebaseDatasource.swift in Sources */,
				873ECBC92AA643820056F210 /* LinkRepository.swift in Sources */,
				871F4C552A966DB900B73656 /* AuthenticationViewModel.swift in Sources */,
				873ECBC62AA643560056F210 /* LinkViewModel.swift in Sources */,
				87D28F612A9558C2006EC5F1 /* RegisterEmailView.swift in Sources */,
				87D28F2E2A952024006EC5F1 /* SaveLinkApp.swift in Sources */,
				871F4C532A966B4000B73656 /* AuthenticationRepository.swift in Sources */,
				873ECBCD2AA6488F0056F210 /* LinkView.swift in Sources */,
				8778F6452AA1153200A7992E /* FacebookAutenticacion.swift in Sources */,
			);
			runOnlyForDeploymentPostprocessing = 0;
		};
		87D28F362A952026006EC5F1 /* Sources */ = {
			isa = PBXSourcesBuildPhase;
			buildActionMask = 2147483647;
			files = (
				87D28F3F2A952026006EC5F1 /* SaveLinkTests.swift in Sources */,
			);
			runOnlyForDeploymentPostprocessing = 0;
		};
		87D28F402A952026006EC5F1 /* Sources */ = {
			isa = PBXSourcesBuildPhase;
			buildActionMask = 2147483647;
			files = (
				87D28F4B2A952026006EC5F1 /* SaveLinkUITestsLaunchTests.swift in Sources */,
				87D28F492A952026006EC5F1 /* SaveLinkUITests.swift in Sources */,
			);
			runOnlyForDeploymentPostprocessing = 0;
		};
/* End PBXSourcesBuildPhase section */

/* Begin PBXTargetDependency section */
		87D28F3C2A952026006EC5F1 /* PBXTargetDependency */ = {
			isa = PBXTargetDependency;
			target = 87D28F292A952024006EC5F1 /* SaveLink */;
			targetProxy = 87D28F3B2A952026006EC5F1 /* PBXContainerItemProxy */;
		};
		87D28F462A952026006EC5F1 /* PBXTargetDependency */ = {
			isa = PBXTargetDependency;
			target = 87D28F292A952024006EC5F1 /* SaveLink */;
			targetProxy = 87D28F452A952026006EC5F1 /* PBXContainerItemProxy */;
		};
/* End PBXTargetDependency section */

/* Begin XCBuildConfiguration section */
		87D28F4C2A952026006EC5F1 /* Debug */ = {
			isa = XCBuildConfiguration;
			buildSettings = {
				ALWAYS_SEARCH_USER_PATHS = NO;
				CLANG_ANALYZER_NONNULL = YES;
				CLANG_ANALYZER_NUMBER_OBJECT_CONVERSION = YES_AGGRESSIVE;
				CLANG_CXX_LANGUAGE_STANDARD = "gnu++20";
				CLANG_ENABLE_MODULES = YES;
				CLANG_ENABLE_OBJC_ARC = YES;
				CLANG_ENABLE_OBJC_WEAK = YES;
				CLANG_WARN_BLOCK_CAPTURE_AUTORELEASING = YES;
				CLANG_WARN_BOOL_CONVERSION = YES;
				CLANG_WARN_COMMA = YES;
				CLANG_WARN_CONSTANT_CONVERSION = YES;
				CLANG_WARN_DEPRECATED_OBJC_IMPLEMENTATIONS = YES;
				CLANG_WARN_DIRECT_OBJC_ISA_USAGE = YES_ERROR;
				CLANG_WARN_DOCUMENTATION_COMMENTS = YES;
				CLANG_WARN_EMPTY_BODY = YES;
				CLANG_WARN_ENUM_CONVERSION = YES;
				CLANG_WARN_INFINITE_RECURSION = YES;
				CLANG_WARN_INT_CONVERSION = YES;
				CLANG_WARN_NON_LITERAL_NULL_CONVERSION = YES;
				CLANG_WARN_OBJC_IMPLICIT_RETAIN_SELF = YES;
				CLANG_WARN_OBJC_LITERAL_CONVERSION = YES;
				CLANG_WARN_OBJC_ROOT_CLASS = YES_ERROR;
				CLANG_WARN_QUOTED_INCLUDE_IN_FRAMEWORK_HEADER = YES;
				CLANG_WARN_RANGE_LOOP_ANALYSIS = YES;
				CLANG_WARN_STRICT_PROTOTYPES = YES;
				CLANG_WARN_SUSPICIOUS_MOVE = YES;
				CLANG_WARN_UNGUARDED_AVAILABILITY = YES_AGGRESSIVE;
				CLANG_WARN_UNREACHABLE_CODE = YES;
				CLANG_WARN__DUPLICATE_METHOD_MATCH = YES;
				COPY_PHASE_STRIP = NO;
				DEBUG_INFORMATION_FORMAT = dwarf;
				ENABLE_STRICT_OBJC_MSGSEND = YES;
				ENABLE_TESTABILITY = YES;
				GCC_C_LANGUAGE_STANDARD = gnu11;
				GCC_DYNAMIC_NO_PIC = NO;
				GCC_NO_COMMON_BLOCKS = YES;
				GCC_OPTIMIZATION_LEVEL = 0;
				GCC_PREPROCESSOR_DEFINITIONS = (
					"DEBUG=1",
					"$(inherited)",
				);
				GCC_WARN_64_TO_32_BIT_CONVERSION = YES;
				GCC_WARN_ABOUT_RETURN_TYPE = YES_ERROR;
				GCC_WARN_UNDECLARED_SELECTOR = YES;
				GCC_WARN_UNINITIALIZED_AUTOS = YES_AGGRESSIVE;
				GCC_WARN_UNUSED_FUNCTION = YES;
				GCC_WARN_UNUSED_VARIABLE = YES;
				IPHONEOS_DEPLOYMENT_TARGET = 16.6;
				MTL_ENABLE_DEBUG_INFO = INCLUDE_SOURCE;
				MTL_FAST_MATH = YES;
				ONLY_ACTIVE_ARCH = YES;
				SDKROOT = iphoneos;
				SWIFT_ACTIVE_COMPILATION_CONDITIONS = DEBUG;
				SWIFT_OPTIMIZATION_LEVEL = "-Onone";
			};
			name = Debug;
		};
		87D28F4D2A952026006EC5F1 /* Release */ = {
			isa = XCBuildConfiguration;
			buildSettings = {
				ALWAYS_SEARCH_USER_PATHS = NO;
				CLANG_ANALYZER_NONNULL = YES;
				CLANG_ANALYZER_NUMBER_OBJECT_CONVERSION = YES_AGGRESSIVE;
				CLANG_CXX_LANGUAGE_STANDARD = "gnu++20";
				CLANG_ENABLE_MODULES = YES;
				CLANG_ENABLE_OBJC_ARC = YES;
				CLANG_ENABLE_OBJC_WEAK = YES;
				CLANG_WARN_BLOCK_CAPTURE_AUTORELEASING = YES;
				CLANG_WARN_BOOL_CONVERSION = YES;
				CLANG_WARN_COMMA = YES;
				CLANG_WARN_CONSTANT_CONVERSION = YES;
				CLANG_WARN_DEPRECATED_OBJC_IMPLEMENTATIONS = YES;
				CLANG_WARN_DIRECT_OBJC_ISA_USAGE = YES_ERROR;
				CLANG_WARN_DOCUMENTATION_COMMENTS = YES;
				CLANG_WARN_EMPTY_BODY = YES;
				CLANG_WARN_ENUM_CONVERSION = YES;
				CLANG_WARN_INFINITE_RECURSION = YES;
				CLANG_WARN_INT_CONVERSION = YES;
				CLANG_WARN_NON_LITERAL_NULL_CONVERSION = YES;
				CLANG_WARN_OBJC_IMPLICIT_RETAIN_SELF = YES;
				CLANG_WARN_OBJC_LITERAL_CONVERSION = YES;
				CLANG_WARN_OBJC_ROOT_CLASS = YES_ERROR;
				CLANG_WARN_QUOTED_INCLUDE_IN_FRAMEWORK_HEADER = YES;
				CLANG_WARN_RANGE_LOOP_ANALYSIS = YES;
				CLANG_WARN_STRICT_PROTOTYPES = YES;
				CLANG_WARN_SUSPICIOUS_MOVE = YES;
				CLANG_WARN_UNGUARDED_AVAILABILITY = YES_AGGRESSIVE;
				CLANG_WARN_UNREACHABLE_CODE = YES;
				CLANG_WARN__DUPLICATE_METHOD_MATCH = YES;
				COPY_PHASE_STRIP = NO;
				DEBUG_INFORMATION_FORMAT = "dwarf-with-dsym";
				ENABLE_NS_ASSERTIONS = NO;
				ENABLE_STRICT_OBJC_MSGSEND = YES;
				GCC_C_LANGUAGE_STANDARD = gnu11;
				GCC_NO_COMMON_BLOCKS = YES;
				GCC_WARN_64_TO_32_BIT_CONVERSION = YES;
				GCC_WARN_ABOUT_RETURN_TYPE = YES_ERROR;
				GCC_WARN_UNDECLARED_SELECTOR = YES;
				GCC_WARN_UNINITIALIZED_AUTOS = YES_AGGRESSIVE;
				GCC_WARN_UNUSED_FUNCTION = YES;
				GCC_WARN_UNUSED_VARIABLE = YES;
				IPHONEOS_DEPLOYMENT_TARGET = 16.6;
				MTL_ENABLE_DEBUG_INFO = NO;
				MTL_FAST_MATH = YES;
				SDKROOT = iphoneos;
				SWIFT_COMPILATION_MODE = wholemodule;
				SWIFT_OPTIMIZATION_LEVEL = "-O";
				VALIDATE_PRODUCT = YES;
			};
			name = Release;
		};
		87D28F4F2A952026006EC5F1 /* Debug */ = {
			isa = XCBuildConfiguration;
			buildSettings = {
				ASSETCATALOG_COMPILER_APPICON_NAME = AppIcon;
				ASSETCATALOG_COMPILER_GLOBAL_ACCENT_COLOR_NAME = AccentColor;
				CODE_SIGN_STYLE = Automatic;
				CURRENT_PROJECT_VERSION = 1;
				DEVELOPMENT_ASSET_PATHS = "\"SaveLink/Preview Content\"";
				DEVELOPMENT_TEAM = JYU4CZQH8U;
				ENABLE_PREVIEWS = YES;
				GENERATE_INFOPLIST_FILE = YES;
				INFOPLIST_FILE = SaveLink/Info.plist;
				INFOPLIST_KEY_UIApplicationSceneManifest_Generation = YES;
				INFOPLIST_KEY_UIApplicationSupportsIndirectInputEvents = YES;
				INFOPLIST_KEY_UILaunchScreen_Generation = YES;
				INFOPLIST_KEY_UISupportedInterfaceOrientations_iPad = "UIInterfaceOrientationPortrait UIInterfaceOrientationPortraitUpsideDown UIInterfaceOrientationLandscapeLeft UIInterfaceOrientationLandscapeRight";
				INFOPLIST_KEY_UISupportedInterfaceOrientations_iPhone = "UIInterfaceOrientationPortrait UIInterfaceOrientationLandscapeLeft UIInterfaceOrientationLandscapeRight";
				IPHONEOS_DEPLOYMENT_TARGET = 16.6;
				LD_RUNPATH_SEARCH_PATHS = (
					"$(inherited)",
					"@executable_path/Frameworks",
				);
				MARKETING_VERSION = 1.0;
				PRODUCT_BUNDLE_IDENTIFIER = com.swiftbeta.SaveLink;
				PRODUCT_NAME = "$(TARGET_NAME)";
				SWIFT_EMIT_LOC_STRINGS = YES;
				SWIFT_VERSION = 5.0;
				TARGETED_DEVICE_FAMILY = "1,2";
			};
			name = Debug;
		};
		87D28F502A952026006EC5F1 /* Release */ = {
			isa = XCBuildConfiguration;
			buildSettings = {
				ASSETCATALOG_COMPILER_APPICON_NAME = AppIcon;
				ASSETCATALOG_COMPILER_GLOBAL_ACCENT_COLOR_NAME = AccentColor;
				CODE_SIGN_STYLE = Automatic;
				CURRENT_PROJECT_VERSION = 1;
				DEVELOPMENT_ASSET_PATHS = "\"SaveLink/Preview Content\"";
				DEVELOPMENT_TEAM = JYU4CZQH8U;
				ENABLE_PREVIEWS = YES;
				GENERATE_INFOPLIST_FILE = YES;
				INFOPLIST_FILE = SaveLink/Info.plist;
				INFOPLIST_KEY_UIApplicationSceneManifest_Generation = YES;
				INFOPLIST_KEY_UIApplicationSupportsIndirectInputEvents = YES;
				INFOPLIST_KEY_UILaunchScreen_Generation = YES;
				INFOPLIST_KEY_UISupportedInterfaceOrientations_iPad = "UIInterfaceOrientationPortrait UIInterfaceOrientationPortraitUpsideDown UIInterfaceOrientationLandscapeLeft UIInterfaceOrientationLandscapeRight";
				INFOPLIST_KEY_UISupportedInterfaceOrientations_iPhone = "UIInterfaceOrientationPortrait UIInterfaceOrientationLandscapeLeft UIInterfaceOrientationLandscapeRight";
				IPHONEOS_DEPLOYMENT_TARGET = 16.6;
				LD_RUNPATH_SEARCH_PATHS = (
					"$(inherited)",
					"@executable_path/Frameworks",
				);
				MARKETING_VERSION = 1.0;
				PRODUCT_BUNDLE_IDENTIFIER = com.swiftbeta.SaveLink;
				PRODUCT_NAME = "$(TARGET_NAME)";
				SWIFT_EMIT_LOC_STRINGS = YES;
				SWIFT_VERSION = 5.0;
				TARGETED_DEVICE_FAMILY = "1,2";
			};
			name = Release;
		};
		87D28F522A952026006EC5F1 /* Debug */ = {
			isa = XCBuildConfiguration;
			buildSettings = {
				ALWAYS_EMBED_SWIFT_STANDARD_LIBRARIES = YES;
				BUNDLE_LOADER = "$(TEST_HOST)";
				CODE_SIGN_STYLE = Automatic;
				CURRENT_PROJECT_VERSION = 1;
				DEVELOPMENT_TEAM = JYU4CZQH8U;
				GENERATE_INFOPLIST_FILE = YES;
				IPHONEOS_DEPLOYMENT_TARGET = 16.4;
				MARKETING_VERSION = 1.0;
				PRODUCT_BUNDLE_IDENTIFIER = com.swiftbeta.SaveLinkTests;
				PRODUCT_NAME = "$(TARGET_NAME)";
				SWIFT_EMIT_LOC_STRINGS = NO;
				SWIFT_VERSION = 5.0;
				TARGETED_DEVICE_FAMILY = "1,2";
				TEST_HOST = "$(BUILT_PRODUCTS_DIR)/SaveLink.app/$(BUNDLE_EXECUTABLE_FOLDER_PATH)/SaveLink";
			};
			name = Debug;
		};
		87D28F532A952026006EC5F1 /* Release */ = {
			isa = XCBuildConfiguration;
			buildSettings = {
				ALWAYS_EMBED_SWIFT_STANDARD_LIBRARIES = YES;
				BUNDLE_LOADER = "$(TEST_HOST)";
				CODE_SIGN_STYLE = Automatic;
				CURRENT_PROJECT_VERSION = 1;
				DEVELOPMENT_TEAM = JYU4CZQH8U;
				GENERATE_INFOPLIST_FILE = YES;
				IPHONEOS_DEPLOYMENT_TARGET = 16.4;
				MARKETING_VERSION = 1.0;
				PRODUCT_BUNDLE_IDENTIFIER = com.swiftbeta.SaveLinkTests;
				PRODUCT_NAME = "$(TARGET_NAME)";
				SWIFT_EMIT_LOC_STRINGS = NO;
				SWIFT_VERSION = 5.0;
				TARGETED_DEVICE_FAMILY = "1,2";
				TEST_HOST = "$(BUILT_PRODUCTS_DIR)/SaveLink.app/$(BUNDLE_EXECUTABLE_FOLDER_PATH)/SaveLink";
			};
			name = Release;
		};
		87D28F552A952026006EC5F1 /* Debug */ = {
			isa = XCBuildConfiguration;
			buildSettings = {
				ALWAYS_EMBED_SWIFT_STANDARD_LIBRARIES = YES;
				CODE_SIGN_STYLE = Automatic;
				CURRENT_PROJECT_VERSION = 1;
				DEVELOPMENT_TEAM = JYU4CZQH8U;
				GENERATE_INFOPLIST_FILE = YES;
				MARKETING_VERSION = 1.0;
				PRODUCT_BUNDLE_IDENTIFIER = com.swiftbeta.SaveLinkUITests;
				PRODUCT_NAME = "$(TARGET_NAME)";
				SWIFT_EMIT_LOC_STRINGS = NO;
				SWIFT_VERSION = 5.0;
				TARGETED_DEVICE_FAMILY = "1,2";
				TEST_TARGET_NAME = SaveLink;
			};
			name = Debug;
		};
		87D28F562A952026006EC5F1 /* Release */ = {
			isa = XCBuildConfiguration;
			buildSettings = {
				ALWAYS_EMBED_SWIFT_STANDARD_LIBRARIES = YES;
				CODE_SIGN_STYLE = Automatic;
				CURRENT_PROJECT_VERSION = 1;
				DEVELOPMENT_TEAM = JYU4CZQH8U;
				GENERATE_INFOPLIST_FILE = YES;
				MARKETING_VERSION = 1.0;
				PRODUCT_BUNDLE_IDENTIFIER = com.swiftbeta.SaveLinkUITests;
				PRODUCT_NAME = "$(TARGET_NAME)";
				SWIFT_EMIT_LOC_STRINGS = NO;
				SWIFT_VERSION = 5.0;
				TARGETED_DEVICE_FAMILY = "1,2";
				TEST_TARGET_NAME = SaveLink;
			};
			name = Release;
		};
/* End XCBuildConfiguration section */

/* Begin XCConfigurationList section */
		87D28F252A952024006EC5F1 /* Build configuration list for PBXProject "SaveLink" */ = {
			isa = XCConfigurationList;
			buildConfigurations = (
				87D28F4C2A952026006EC5F1 /* Debug */,
				87D28F4D2A952026006EC5F1 /* Release */,
			);
			defaultConfigurationIsVisible = 0;
			defaultConfigurationName = Release;
		};
		87D28F4E2A952026006EC5F1 /* Build configuration list for PBXNativeTarget "SaveLink" */ = {
			isa = XCConfigurationList;
			buildConfigurations = (
				87D28F4F2A952026006EC5F1 /* Debug */,
				87D28F502A952026006EC5F1 /* Release */,
			);
			defaultConfigurationIsVisible = 0;
			defaultConfigurationName = Release;
		};
		87D28F512A952026006EC5F1 /* Build configuration list for PBXNativeTarget "SaveLinkTests" */ = {
			isa = XCConfigurationList;
			buildConfigurations = (
				87D28F522A952026006EC5F1 /* Debug */,
				87D28F532A952026006EC5F1 /* Release */,
			);
			defaultConfigurationIsVisible = 0;
			defaultConfigurationName = Release;
		};
		87D28F542A952026006EC5F1 /* Build configuration list for PBXNativeTarget "SaveLinkUITests" */ = {
			isa = XCConfigurationList;
			buildConfigurations = (
				87D28F552A952026006EC5F1 /* Debug */,
				87D28F562A952026006EC5F1 /* Release */,
			);
			defaultConfigurationIsVisible = 0;
			defaultConfigurationName = Release;
		};
/* End XCConfigurationList section */

/* Begin XCRemoteSwiftPackageReference section */
		8778F63C2AA109BA00A7992E /* XCRemoteSwiftPackageReference "facebook-ios-sdk" */ = {
			isa = XCRemoteSwiftPackageReference;
			repositoryURL = "https://github.com/facebook/facebook-ios-sdk.git";
			requirement = {
				kind = upToNextMajorVersion;
				minimumVersion = 14.0.0;
			};
		};
		87D28F572A9520AA006EC5F1 /* XCRemoteSwiftPackageReference "firebase-ios-sdk" */ = {
			isa = XCRemoteSwiftPackageReference;
			repositoryURL = "https://github.com/firebase/firebase-ios-sdk.git";
			requirement = {
				kind = upToNextMajorVersion;
				minimumVersion = 10.0.0;
			};
		};
/* End XCRemoteSwiftPackageReference section */

/* Begin XCSwiftPackageProductDependency section */
		871F4C4D2A96648500B73656 /* FirebaseAuth */ = {
			isa = XCSwiftPackageProductDependency;
			package = 87D28F572A9520AA006EC5F1 /* XCRemoteSwiftPackageReference "firebase-ios-sdk" */;
			productName = FirebaseAuth;
		};
		873ECBC02AA641D00056F210 /* FirebaseFirestore */ = {
			isa = XCSwiftPackageProductDependency;
			package = 87D28F572A9520AA006EC5F1 /* XCRemoteSwiftPackageReference "firebase-ios-sdk" */;
			productName = FirebaseFirestore;
		};
		873ECBC22AA641D00056F210 /* FirebaseFirestoreSwift */ = {
			isa = XCSwiftPackageProductDependency;
			package = 87D28F572A9520AA006EC5F1 /* XCRemoteSwiftPackageReference "firebase-ios-sdk" */;
			productName = FirebaseFirestoreSwift;
		};
		8778F63D2AA109BA00A7992E /* FacebookLogin */ = {
			isa = XCSwiftPackageProductDependency;
			package = 8778F63C2AA109BA00A7992E /* XCRemoteSwiftPackageReference "facebook-ios-sdk" */;
			productName = FacebookLogin;
		};
		87D28F582A9520AA006EC5F1 /* FirebaseAnalytics */ = {
			isa = XCSwiftPackageProductDependency;
			package = 87D28F572A9520AA006EC5F1 /* XCRemoteSwiftPackageReference "firebase-ios-sdk" */;
			productName = FirebaseAnalytics;
		};
		87D28F5A2A9520AA006EC5F1 /* FirebaseAnalyticsSwift */ = {
			isa = XCSwiftPackageProductDependency;
			package = 87D28F572A9520AA006EC5F1 /* XCRemoteSwiftPackageReference "firebase-ios-sdk" */;
			productName = FirebaseAnalyticsSwift;
		};
/* End XCSwiftPackageProductDependency section */
	};
	rootObject = 87D28F222A952024006EC5F1 /* Project object */;
}
